
Microsoft Visual Studio Solution File, Format Version 12.00
# Visual Studio Version 17
VisualStudioVersion = 17.5.002.0
MinimumVisualStudioVersion = 10.0.40219.1
Project("{9A19103F-16F7-4668-BE54-9A1E7A4F7556}") = "AdventOfCode24Day4", "AdventOfCode24Day4\AdventOfCode24Day4.csproj", "{96A734F0-F292-4A67-A353-D9694D5DCCA5}"
EndProject
Project("{9A19103F-16F7-4668-BE54-9A1E7A4F7556}") = "AdventOfCode24Day4.Test", "AdventOfCode24Day4.Test\AdventOfCode24Day4.Test.csproj", "{614D9493-5CFA-4001-BA11-52880C91252B}"
EndProject
Global
	GlobalSection(SolutionConfigurationPlatforms) = preSolution
		Debug|Any CPU = Debug|Any CPU
		Release|Any CPU = Release|Any CPU
	EndGlobalSection
	GlobalSection(ProjectConfigurationPlatforms) = postSolution
		{96A734F0-F292-4A67-A353-D9694D5DCCA5}.Debug|Any CPU.ActiveCfg = Debug|Any CPU
		{96A734F0-F292-4A67-A353-D9694D5DCCA5}.Debug|Any CPU.Build.0 = Debug|Any CPU
		{96A734F0-F292-4A67-A353-D9694D5DCCA5}.Release|Any CPU.ActiveCfg = Release|Any CPU
		{96A734F0-F292-4A67-A353-D9694D5DCCA5}.Release|Any CPU.Build.0 = Release|Any CPU
		{614D9493-5CFA-4001-BA11-52880C91252B}.Debug|Any CPU.ActiveCfg = Debug|Any CPU
		{614D9493-5CFA-4001-BA11-52880C91252B}.Debug|Any CPU.Build.0 = Debug|Any CPU
		{614D9493-5CFA-4001-BA11-52880C91252B}.Release|Any CPU.ActiveCfg = Release|Any CPU
		{614D9493-5CFA-4001-BA11-52880C91252B}.Release|Any CPU.Build.0 = Release|Any CPU
	EndGlobalSection
	GlobalSection(SolutionProperties) = preSolution
		HideSolutionNode = FALSE
	EndGlobalSection
	GlobalSection(ExtensibilityGlobals) = postSolution
		SolutionGuid = {A1760478-90A6-4213-82E0-88E8C2064427}
	EndGlobalSection
EndGlobal
